{
  "originHash" : "e4d6b348c1c337cd6fdc1ea8b4e189b5d25b322f99effffd28ed0e854f2324a2",
  "pins" : [
    {
      "identity" : "aptabase-swift",
      "kind" : "remoteSourceControl",
      "location" : "https://github.com/aptabase/aptabase-swift",
      "state" : {
        "revision" : "73579250784f7040aad28ec376a0ddfcdaa171cf",
        "version" : "0.3.10"
      }
    }
  ],
  "version" : 3
}
