// !$*UTF8*$!
{
	archiveVersion = 1;
	classes = {
	};
	objectVersion = 73;
	objects = {

/* Begin PBXBuildFile section */
		80582ECB2C8A48F30056C421 /* Aptabase in Frameworks */ = {isa = PBXBuildFile; productRef = 80582ECA2C8A48F30056C421 /* Aptabase */; };
		808BA0802524E3A9005F7D91 /* Fuel Expense View - iPhone 11 Pro Max - 6.5.png in Resources */ = {isa = PBXBuildFile; fileRef = 808BA0752524E3A9005F7D91 /* Fuel Expense View - iPhone 11 Pro Max - 6.5.png */; };
		808BA0812524E3A9005F7D91 /* Add Expense View - iPhone 8 Plus - 5.5.png in Resources */ = {isa = PBXBuildFile; fileRef = 808BA0762524E3A9005F7D91 /* Add Expense View - iPhone 8 Plus - 5.5.png */; };
		808BA0822524E3A9005F7D91 /* Add Future Expense - iPhone 11 Pro Max - 6.5.png in Resources */ = {isa = PBXBuildFile; fileRef = 808BA0772524E3A9005F7D91 /* Add Future Expense - iPhone 11 Pro Max - 6.5.png */; };
		808BA0832524E3A9005F7D91 /* Detail View - iPhone 8 Plus - 5.5.png in Resources */ = {isa = PBXBuildFile; fileRef = 808BA0782524E3A9005F7D91 /* Detail View - iPhone 8 Plus - 5.5.png */; };
		808BA0842524E3A9005F7D91 /* Detail View - iPhone 11 Pro Max - 6.5.png in Resources */ = {isa = PBXBuildFile; fileRef = 808BA0792524E3A9005F7D91 /* Detail View - iPhone 11 Pro Max - 6.5.png */; };
		808BA0852524E3A9005F7D91 /* Fuel Expense View - iPhone 8 Plus - 5.5.png in Resources */ = {isa = PBXBuildFile; fileRef = 808BA07A2524E3A9005F7D91 /* Fuel Expense View - iPhone 8 Plus - 5.5.png */; };
		808BA0872524E3A9005F7D91 /* Add Expense View - iPhone 11 Pro Max - 6.5.png in Resources */ = {isa = PBXBuildFile; fileRef = 808BA07C2524E3A9005F7D91 /* Add Expense View - iPhone 11 Pro Max - 6.5.png */; };
		808BA0882524E3A9005F7D91 /* Home Screen - iPhone 8 Plus - 5.5.png in Resources */ = {isa = PBXBuildFile; fileRef = 808BA07D2524E3A9005F7D91 /* Home Screen - iPhone 8 Plus - 5.5.png */; };
		808BA0892524E3A9005F7D91 /* Home Screen - iPhone 11 Pro Max - 6.5.png in Resources */ = {isa = PBXBuildFile; fileRef = 808BA07E2524E3A9005F7D91 /* Home Screen - iPhone 11 Pro Max - 6.5.png */; };
		808BA08A2524E3A9005F7D91 /* Add Future Expense - iPhone 8 Plus - 5.5.png in Resources */ = {isa = PBXBuildFile; fileRef = 808BA07F2524E3A9005F7D91 /* Add Future Expense - iPhone 8 Plus - 5.5.png */; };
		80A3BB652CC00F3500186286 /* MarkdownUI in Frameworks */ = {isa = PBXBuildFile; productRef = 80A3BB642CC00F3500186286 /* MarkdownUI */; };
/* End PBXBuildFile section */

/* Begin PBXFileReference section */
		805B413B24CDF04B0085DB47 /* I Got Gas.app */ = {isa = PBXFileReference; explicitFileType = wrapper.application; includeInIndex = 0; path = "I Got Gas.app"; sourceTree = BUILT_PRODUCTS_DIR; };
		808BA0752524E3A9005F7D91 /* Fuel Expense View - iPhone 11 Pro Max - 6.5.png */ = {isa = PBXFileReference; lastKnownFileType = image.png; path = "Fuel Expense View - iPhone 11 Pro Max - 6.5.png"; sourceTree = "<group>"; };
		808BA0762524E3A9005F7D91 /* Add Expense View - iPhone 8 Plus - 5.5.png */ = {isa = PBXFileReference; lastKnownFileType = image.png; path = "Add Expense View - iPhone 8 Plus - 5.5.png"; sourceTree = "<group>"; };
		808BA0772524E3A9005F7D91 /* Add Future Expense - iPhone 11 Pro Max - 6.5.png */ = {isa = PBXFileReference; lastKnownFileType = image.png; path = "Add Future Expense - iPhone 11 Pro Max - 6.5.png"; sourceTree = "<group>"; };
		808BA0782524E3A9005F7D91 /* Detail View - iPhone 8 Plus - 5.5.png */ = {isa = PBXFileReference; lastKnownFileType = image.png; path = "Detail View - iPhone 8 Plus - 5.5.png"; sourceTree = "<group>"; };
		808BA0792524E3A9005F7D91 /* Detail View - iPhone 11 Pro Max - 6.5.png */ = {isa = PBXFileReference; lastKnownFileType = image.png; path = "Detail View - iPhone 11 Pro Max - 6.5.png"; sourceTree = "<group>"; };
		808BA07A2524E3A9005F7D91 /* Fuel Expense View - iPhone 8 Plus - 5.5.png */ = {isa = PBXFileReference; lastKnownFileType = image.png; path = "Fuel Expense View - iPhone 8 Plus - 5.5.png"; sourceTree = "<group>"; };
		808BA07C2524E3A9005F7D91 /* Add Expense View - iPhone 11 Pro Max - 6.5.png */ = {isa = PBXFileReference; lastKnownFileType = image.png; path = "Add Expense View - iPhone 11 Pro Max - 6.5.png"; sourceTree = "<group>"; };
		808BA07D2524E3A9005F7D91 /* Home Screen - iPhone 8 Plus - 5.5.png */ = {isa = PBXFileReference; lastKnownFileType = image.png; path = "Home Screen - iPhone 8 Plus - 5.5.png"; sourceTree = "<group>"; };
		808BA07E2524E3A9005F7D91 /* Home Screen - iPhone 11 Pro Max - 6.5.png */ = {isa = PBXFileReference; lastKnownFileType = image.png; path = "Home Screen - iPhone 11 Pro Max - 6.5.png"; sourceTree = "<group>"; };
		808BA07F2524E3A9005F7D91 /* Add Future Expense - iPhone 8 Plus - 5.5.png */ = {isa = PBXFileReference; lastKnownFileType = image.png; path = "Add Future Expense - iPhone 8 Plus - 5.5.png"; sourceTree = "<group>"; };
/* End PBXFileReference section */

/* Begin PBXFileSystemSynchronizedBuildFileExceptionSet section */
		80A3BB5A2CC00C1000186286 /* PBXFileSystemSynchronizedBuildFileExceptionSet */ = {
			isa = PBXFileSystemSynchronizedBuildFileExceptionSet;
			membershipExceptions = (
				AppDelegate.swift,
				Assets.xcassets,
				Configuration/Analytics.swift,
				Configuration/BundleExtension.swift,
				Configuration/Config.swift,
				Configuration/ExampleSecrets.swift,
				Configuration/Secrets.swift,
				"Database/CoreData/Car+CoreDataClass.swift",
				Database/CoreData/CoreDataPersistence.swift,
				Database/CoreData/RequestingFetches.swift,
				Database/Models/SDCar.swift,
				Database/Models/SDScheduledService.swift,
				Database/Models/SDService.swift,
				Database/Models/SDVendor.swift,
				Database/SwiftDataManager.swift,
				"extension DateFormatter.swift",
				I_Got_GasApp.swift,
				LICENSE.md,
				PRIVACY_POLICY.md,
				Views/AddCarView.swift,
				Views/AllCarsView.swift,
				Views/ContentView.swift,
				"Views/Detail View/AddExpenseView.swift",
				"Views/Detail View/AddFutureServiceView.swift",
				"Views/Detail View/DetailView.swift",
				"Views/Detail View/EditCarView.swift",
				"Views/Detail View/FuelExpenseView.swift",
				"Views/Detail View/FutureServiceView.swift",
				"Views/Detail View/ServiceExpenseView.swift",
				"Views/Detail View/TopDetailView.swift",
				Views/Settings/Private/DeveloperMenuView.swift,
				Views/Settings/Private/NotificationPermissionsView.swift,
				Views/Settings/Private/PendingNotificationsView.swift,
				Views/Settings/Public/About/AboutView.swift,
				Views/Settings/Public/About/LicenseView.swift,
				Views/Settings/Public/About/Markdownview.swift,
				Views/Settings/Public/About/PrivacyPolicyView.swift,
				Views/Settings/Public/AnalyticsView.swift,
				Views/Settings/Public/ExportDataView.swift,
				Views/Settings/Public/OptionsView.swift,
				Views/Settings/Public/SettingsView.swift,
			);
			target = 805B413A24CDF04B0085DB47 /* I Got Gas */;
		};
/* End PBXFileSystemSynchronizedBuildFileExceptionSet section */

/* Begin PBXFileSystemSynchronizedGroupBuildPhaseMembershipExceptionSet section */
		80A3BB5B2CC00C1000186286 /* PBXFileSystemSynchronizedGroupBuildPhaseMembershipExceptionSet */ = {
			isa = PBXFileSystemSynchronizedGroupBuildPhaseMembershipExceptionSet;
			buildPhase = 805B413724CDF04B0085DB47 /* Sources */;
			membershipExceptions = (
				Database/CoreData/I_Got_Gas.xcdatamodeld,
			);
		};
/* End PBXFileSystemSynchronizedGroupBuildPhaseMembershipExceptionSet section */

/* Begin PBXFileSystemSynchronizedRootGroup section */
		80A3BB132CC00BFD00186286 /* I Got Gas */ = {isa = PBXFileSystemSynchronizedRootGroup; exceptions = (80A3BB5A2CC00C1000186286 /* PBXFileSystemSynchronizedBuildFileExceptionSet */, 80A3BB5B2CC00C1000186286 /* PBXFileSystemSynchronizedGroupBuildPhaseMembershipExceptionSet */, ); explicitFileTypes = {}; explicitFolders = (); path = "I Got Gas"; sourceTree = "<group>"; };
/* End PBXFileSystemSynchronizedRootGroup section */

/* Begin PBXFrameworksBuildPhase section */
		805B413824CDF04B0085DB47 /* Frameworks */ = {
			isa = PBXFrameworksBuildPhase;
			buildActionMask = 2147483647;
			files = (
				80582ECB2C8A48F30056C421 /* Aptabase in Frameworks */,
				80A3BB652CC00F3500186286 /* MarkdownUI in Frameworks */,
			);
			runOnlyForDeploymentPostprocessing = 0;
		};
/* End PBXFrameworksBuildPhase section */

/* Begin PBXGroup section */
		805B413224CDF04B0085DB47 = {
			isa = PBXGroup;
			children = (
				80A3BB132CC00BFD00186286 /* I Got Gas */,
				808BA0742524E38C005F7D91 /* Screenshots */,
				805B413C24CDF04B0085DB47 /* Products */,
			);
			sourceTree = "<group>";
		};
		805B413C24CDF04B0085DB47 /* Products */ = {
			isa = PBXGroup;
			children = (
				805B413B24CDF04B0085DB47 /* I Got Gas.app */,
			);
			name = Products;
			sourceTree = "<group>";
		};
		808BA0742524E38C005F7D91 /* Screenshots */ = {
			isa = PBXGroup;
			children = (
				808BA0762524E3A9005F7D91 /* Add Expense View - iPhone 8 Plus - 5.5.png */,
				808BA07C2524E3A9005F7D91 /* Add Expense View - iPhone 11 Pro Max - 6.5.png */,
				808BA07F2524E3A9005F7D91 /* Add Future Expense - iPhone 8 Plus - 5.5.png */,
				808BA0772524E3A9005F7D91 /* Add Future Expense - iPhone 11 Pro Max - 6.5.png */,
				808BA0782524E3A9005F7D91 /* Detail View - iPhone 8 Plus - 5.5.png */,
				808BA0792524E3A9005F7D91 /* Detail View - iPhone 11 Pro Max - 6.5.png */,
				808BA07A2524E3A9005F7D91 /* Fuel Expense View - iPhone 8 Plus - 5.5.png */,
				808BA0752524E3A9005F7D91 /* Fuel Expense View - iPhone 11 Pro Max - 6.5.png */,
				808BA07D2524E3A9005F7D91 /* Home Screen - iPhone 8 Plus - 5.5.png */,
				808BA07E2524E3A9005F7D91 /* Home Screen - iPhone 11 Pro Max - 6.5.png */,
			);
			path = Screenshots;
			sourceTree = "<group>";
		};
/* End PBXGroup section */

/* Begin PBXNativeTarget section */
		805B413A24CDF04B0085DB47 /* I Got Gas */ = {
			isa = PBXNativeTarget;
			buildConfigurationList = 805B415224CDF04E0085DB47 /* Build configuration list for PBXNativeTarget "I Got Gas" */;
			buildPhases = (
				805B413724CDF04B0085DB47 /* Sources */,
				805B413824CDF04B0085DB47 /* Frameworks */,
				805B413924CDF04B0085DB47 /* Resources */,
			);
			buildRules = (
			);
			dependencies = (
			);
			name = "I Got Gas";
			productName = "I Got Gas";
			productReference = 805B413B24CDF04B0085DB47 /* I Got Gas.app */;
			productType = "com.apple.product-type.application";
		};
/* End PBXNativeTarget section */

/* Begin PBXProject section */
		805B413324CDF04B0085DB47 /* Project object */ = {
			isa = PBXProject;
			attributes = {
				BuildIndependentTargetsInParallel = YES;
				LastSwiftUpdateCheck = 1160;
				LastUpgradeCheck = 1600;
				ORGANIZATIONNAME = "Blizzard Skeleton";
				TargetAttributes = {
					805B413A24CDF04B0085DB47 = {
						CreatedOnToolsVersion = 11.6;
					};
				};
			};
			buildConfigurationList = 805B413624CDF04B0085DB47 /* Build configuration list for PBXProject "I Got Gas" */;
			developmentRegion = en;
			hasScannedForEncodings = 0;
			knownRegions = (
				en,
				Base,
			);
			mainGroup = 805B413224CDF04B0085DB47;
			packageReferences = (
				80582EC92C8A48F30056C421 /* XCRemoteSwiftPackageReference "aptabase-swift" */,
				80A3BB632CC00F3500186286 /* XCRemoteSwiftPackageReference "swift-markdown-ui" */,
			);
			preferredProjectObjectVersion = 50;
			productRefGroup = 805B413C24CDF04B0085DB47 /* Products */;
			projectDirPath = "";
			projectRoot = "";
			targets = (
				805B413A24CDF04B0085DB47 /* I Got Gas */,
			);
		};
/* End PBXProject section */

/* Begin PBXResourcesBuildPhase section */
		805B413924CDF04B0085DB47 /* Resources */ = {
			isa = PBXResourcesBuildPhase;
			buildActionMask = 2147483647;
			files = (
				808BA0872524E3A9005F7D91 /* Add Expense View - iPhone 11 Pro Max - 6.5.png in Resources */,
				808BA0812524E3A9005F7D91 /* Add Expense View - iPhone 8 Plus - 5.5.png in Resources */,
				808BA0882524E3A9005F7D91 /* Home Screen - iPhone 8 Plus - 5.5.png in Resources */,
				808BA0832524E3A9005F7D91 /* Detail View - iPhone 8 Plus - 5.5.png in Resources */,
				808BA0852524E3A9005F7D91 /* Fuel Expense View - iPhone 8 Plus - 5.5.png in Resources */,
				808BA0892524E3A9005F7D91 /* Home Screen - iPhone 11 Pro Max - 6.5.png in Resources */,
				808BA0802524E3A9005F7D91 /* Fuel Expense View - iPhone 11 Pro Max - 6.5.png in Resources */,
				808BA0822524E3A9005F7D91 /* Add Future Expense - iPhone 11 Pro Max - 6.5.png in Resources */,
				808BA08A2524E3A9005F7D91 /* Add Future Expense - iPhone 8 Plus - 5.5.png in Resources */,
				808BA0842524E3A9005F7D91 /* Detail View - iPhone 11 Pro Max - 6.5.png in Resources */,
			);
			runOnlyForDeploymentPostprocessing = 0;
		};
/* End PBXResourcesBuildPhase section */

/* Begin PBXSourcesBuildPhase section */
		805B413724CDF04B0085DB47 /* Sources */ = {
			isa = PBXSourcesBuildPhase;
			buildActionMask = 2147483647;
			files = (
			);
			runOnlyForDeploymentPostprocessing = 0;
		};
/* End PBXSourcesBuildPhase section */

/* Begin XCBuildConfiguration section */
		805B415024CDF04E0085DB47 /* Debug */ = {
			isa = XCBuildConfiguration;
			buildSettings = {
				ALWAYS_SEARCH_USER_PATHS = NO;
				CLANG_ANALYZER_NONNULL = YES;
				CLANG_ANALYZER_NUMBER_OBJECT_CONVERSION = YES_AGGRESSIVE;
				CLANG_CXX_LANGUAGE_STANDARD = "gnu++14";
				CLANG_CXX_LIBRARY = "libc++";
				CLANG_ENABLE_MODULES = YES;
				CLANG_ENABLE_OBJC_ARC = YES;
				CLANG_ENABLE_OBJC_WEAK = YES;
				CLANG_WARN_BLOCK_CAPTURE_AUTORELEASING = YES;
				CLANG_WARN_BOOL_CONVERSION = YES;
				CLANG_WARN_COMMA = YES;
				CLANG_WARN_CONSTANT_CONVERSION = YES;
				CLANG_WARN_DEPRECATED_OBJC_IMPLEMENTATIONS = YES;
				CLANG_WARN_DIRECT_OBJC_ISA_USAGE = YES_ERROR;
				CLANG_WARN_DOCUMENTATION_COMMENTS = YES;
				CLANG_WARN_EMPTY_BODY = YES;
				CLANG_WARN_ENUM_CONVERSION = YES;
				CLANG_WARN_INFINITE_RECURSION = YES;
				CLANG_WARN_INT_CONVERSION = YES;
				CLANG_WARN_NON_LITERAL_NULL_CONVERSION = YES;
				CLANG_WARN_OBJC_IMPLICIT_RETAIN_SELF = YES;
				CLANG_WARN_OBJC_LITERAL_CONVERSION = YES;
				CLANG_WARN_OBJC_ROOT_CLASS = YES_ERROR;
				CLANG_WARN_QUOTED_INCLUDE_IN_FRAMEWORK_HEADER = YES;
				CLANG_WARN_RANGE_LOOP_ANALYSIS = YES;
				CLANG_WARN_STRICT_PROTOTYPES = YES;
				CLANG_WARN_SUSPICIOUS_MOVE = YES;
				CLANG_WARN_UNGUARDED_AVAILABILITY = YES_AGGRESSIVE;
				CLANG_WARN_UNREACHABLE_CODE = YES;
				CLANG_WARN__DUPLICATE_METHOD_MATCH = YES;
				COPY_PHASE_STRIP = NO;
				DEBUG_INFORMATION_FORMAT = dwarf;
				ENABLE_STRICT_OBJC_MSGSEND = YES;
				ENABLE_TESTABILITY = YES;
				ENABLE_USER_SCRIPT_SANDBOXING = YES;
				GCC_C_LANGUAGE_STANDARD = gnu11;
				GCC_DYNAMIC_NO_PIC = NO;
				GCC_NO_COMMON_BLOCKS = YES;
				GCC_OPTIMIZATION_LEVEL = 0;
				GCC_PREPROCESSOR_DEFINITIONS = (
					"DEBUG=1",
					"$(inherited)",
				);
				GCC_WARN_64_TO_32_BIT_CONVERSION = YES;
				GCC_WARN_ABOUT_RETURN_TYPE = YES_ERROR;
				GCC_WARN_UNDECLARED_SELECTOR = YES;
				GCC_WARN_UNINITIALIZED_AUTOS = YES_AGGRESSIVE;
				GCC_WARN_UNUSED_FUNCTION = YES;
				GCC_WARN_UNUSED_VARIABLE = YES;
				IPHONEOS_DEPLOYMENT_TARGET = 15.2;
				MTL_ENABLE_DEBUG_INFO = INCLUDE_SOURCE;
				MTL_FAST_MATH = YES;
				ONLY_ACTIVE_ARCH = YES;
				SDKROOT = iphoneos;
				SWIFT_ACTIVE_COMPILATION_CONDITIONS = DEBUG;
				SWIFT_OPTIMIZATION_LEVEL = "-Onone";
			};
			name = Debug;
		};
		805B415124CDF04E0085DB47 /* Release */ = {
			isa = XCBuildConfiguration;
			buildSettings = {
				ALWAYS_SEARCH_USER_PATHS = NO;
				CLANG_ANALYZER_NONNULL = YES;
				CLANG_ANALYZER_NUMBER_OBJECT_CONVERSION = YES_AGGRESSIVE;
				CLANG_CXX_LANGUAGE_STANDARD = "gnu++14";
				CLANG_CXX_LIBRARY = "libc++";
				CLANG_ENABLE_MODULES = YES;
				CLANG_ENABLE_OBJC_ARC = YES;
				CLANG_ENABLE_OBJC_WEAK = YES;
				CLANG_WARN_BLOCK_CAPTURE_AUTORELEASING = YES;
				CLANG_WARN_BOOL_CONVERSION = YES;
				CLANG_WARN_COMMA = YES;
				CLANG_WARN_CONSTANT_CONVERSION = YES;
				CLANG_WARN_DEPRECATED_OBJC_IMPLEMENTATIONS = YES;
				CLANG_WARN_DIRECT_OBJC_ISA_USAGE = YES_ERROR;
				CLANG_WARN_DOCUMENTATION_COMMENTS = YES;
				CLANG_WARN_EMPTY_BODY = YES;
				CLANG_WARN_ENUM_CONVERSION = YES;
				CLANG_WARN_INFINITE_RECURSION = YES;
				CLANG_WARN_INT_CONVERSION = YES;
				CLANG_WARN_NON_LITERAL_NULL_CONVERSION = YES;
				CLANG_WARN_OBJC_IMPLICIT_RETAIN_SELF = YES;
				CLANG_WARN_OBJC_LITERAL_CONVERSION = YES;
				CLANG_WARN_OBJC_ROOT_CLASS = YES_ERROR;
				CLANG_WARN_QUOTED_INCLUDE_IN_FRAMEWORK_HEADER = YES;
				CLANG_WARN_RANGE_LOOP_ANALYSIS = YES;
				CLANG_WARN_STRICT_PROTOTYPES = YES;
				CLANG_WARN_SUSPICIOUS_MOVE = YES;
				CLANG_WARN_UNGUARDED_AVAILABILITY = YES_AGGRESSIVE;
				CLANG_WARN_UNREACHABLE_CODE = YES;
				CLANG_WARN__DUPLICATE_METHOD_MATCH = YES;
				COPY_PHASE_STRIP = NO;
				DEBUG_INFORMATION_FORMAT = "dwarf-with-dsym";
				ENABLE_NS_ASSERTIONS = NO;
				ENABLE_STRICT_OBJC_MSGSEND = YES;
				ENABLE_USER_SCRIPT_SANDBOXING = YES;
				GCC_C_LANGUAGE_STANDARD = gnu11;
				GCC_NO_COMMON_BLOCKS = YES;
				GCC_WARN_64_TO_32_BIT_CONVERSION = YES;
				GCC_WARN_ABOUT_RETURN_TYPE = YES_ERROR;
				GCC_WARN_UNDECLARED_SELECTOR = YES;
				GCC_WARN_UNINITIALIZED_AUTOS = YES_AGGRESSIVE;
				GCC_WARN_UNUSED_FUNCTION = YES;
				GCC_WARN_UNUSED_VARIABLE = YES;
				IPHONEOS_DEPLOYMENT_TARGET = 15.2;
				MTL_ENABLE_DEBUG_INFO = NO;
				MTL_FAST_MATH = YES;
				ONLY_ACTIVE_ARCH = NO;
				SDKROOT = iphoneos;
				SWIFT_COMPILATION_MODE = wholemodule;
				SWIFT_OPTIMIZATION_LEVEL = "-O";
				VALIDATE_PRODUCT = YES;
			};
			name = Release;
		};
		805B415324CDF04E0085DB47 /* Debug */ = {
			isa = XCBuildConfiguration;
			buildSettings = {
				ASSETCATALOG_COMPILER_APPICON_NAME = AppIcon;
				CODE_SIGN_STYLE = Automatic;
				CURRENT_PROJECT_VERSION = 4;
				DEVELOPMENT_TEAM = PK7HCG46US;
				ENABLE_PREVIEWS = YES;
				INFOPLIST_FILE = "I Got Gas/Info.plist";
				IPHONEOS_DEPLOYMENT_TARGET = 18.0;
				LD_RUNPATH_SEARCH_PATHS = (
					"$(inherited)",
					"@executable_path/Frameworks",
				);
				MARKETING_VERSION = 2.0.0;
				PRODUCT_BUNDLE_IDENTIFIER = com.blizzardskeleton.IGotGas;
				PRODUCT_NAME = "$(TARGET_NAME)";
				SWIFT_VERSION = 5.0;
				TARGETED_DEVICE_FAMILY = 1;
			};
			name = Debug;
		};
		805B415424CDF04E0085DB47 /* Release */ = {
			isa = XCBuildConfiguration;
			buildSettings = {
				ASSETCATALOG_COMPILER_APPICON_NAME = AppIcon;
				CODE_SIGN_STYLE = Automatic;
				CURRENT_PROJECT_VERSION = 4;
				DEVELOPMENT_TEAM = PK7HCG46US;
				ENABLE_PREVIEWS = YES;
				INFOPLIST_FILE = "I Got Gas/Info.plist";
				IPHONEOS_DEPLOYMENT_TARGET = 18.0;
				LD_RUNPATH_SEARCH_PATHS = (
					"$(inherited)",
					"@executable_path/Frameworks",
				);
				MARKETING_VERSION = 2.0.0;
				PRODUCT_BUNDLE_IDENTIFIER = com.blizzardskeleton.IGotGas;
				PRODUCT_NAME = "$(TARGET_NAME)";
				SWIFT_VERSION = 5.0;
				TARGETED_DEVICE_FAMILY = 1;
			};
			name = Release;
		};
/* End XCBuildConfiguration section */

/* Begin XCConfigurationList section */
		805B413624CDF04B0085DB47 /* Build configuration list for PBXProject "I Got Gas" */ = {
			isa = XCConfigurationList;
			buildConfigurations = (
				805B415024CDF04E0085DB47 /* Debug */,
				805B415124CDF04E0085DB47 /* Release */,
			);
			defaultConfigurationIsVisible = 0;
			defaultConfigurationName = Release;
		};
		805B415224CDF04E0085DB47 /* Build configuration list for PBXNativeTarget "I Got Gas" */ = {
			isa = XCConfigurationList;
			buildConfigurations = (
				805B415324CDF04E0085DB47 /* Debug */,
				805B415424CDF04E0085DB47 /* Release */,
			);
			defaultConfigurationIsVisible = 0;
			defaultConfigurationName = Release;
		};
/* End XCConfigurationList section */

/* Begin XCRemoteSwiftPackageReference section */
		80582EC92C8A48F30056C421 /* XCRemoteSwiftPackageReference "aptabase-swift" */ = {
			isa = XCRemoteSwiftPackageReference;
			repositoryURL = "https://github.com/aptabase/aptabase-swift";
			requirement = {
				kind = upToNextMajorVersion;
				minimumVersion = 0.3.10;
			};
		};
		80A3BB632CC00F3500186286 /* XCRemoteSwiftPackageReference "swift-markdown-ui" */ = {
			isa = XCRemoteSwiftPackageReference;
			repositoryURL = "https://github.com/gonzalezreal/swift-markdown-ui";
			requirement = {
				kind = upToNextMajorVersion;
				minimumVersion = 2.4.1;
			};
		};
/* End XCRemoteSwiftPackageReference section */

/* Begin XCSwiftPackageProductDependency section */
		80582ECA2C8A48F30056C421 /* Aptabase */ = {
			isa = XCSwiftPackageProductDependency;
			package = 80582EC92C8A48F30056C421 /* XCRemoteSwiftPackageReference "aptabase-swift" */;
			productName = Aptabase;
		};
		80A3BB642CC00F3500186286 /* MarkdownUI */ = {
			isa = XCSwiftPackageProductDependency;
			package = 80A3BB632CC00F3500186286 /* XCRemoteSwiftPackageReference "swift-markdown-ui" */;
			productName = MarkdownUI;
		};
/* End XCSwiftPackageProductDependency section */
	};
	rootObject = 805B413324CDF04B0085DB47 /* Project object */;
}
